// !$*UTF8*$!
{
	archiveVersion = 1;
	classes = {
	};
	objectVersion = 56;
	objects = {

/* Begin PBXBuildFile section */
		C0E99E792AA3A33300748AF4 /* AppDelegate.swift in Sources */ = {isa = PBXBuildFile; fileRef = C0E99E782AA3A33300748AF4 /* AppDelegate.swift */; };
		C0E99E7B2AA3A33300748AF4 /* SceneDelegate.swift in Sources */ = {isa = PBXBuildFile; fileRef = C0E99E7A2AA3A33300748AF4 /* SceneDelegate.swift */; };
		C0E99E7D2AA3A33300748AF4 /* ViewController.swift in Sources */ = {isa = PBXBuildFile; fileRef = C0E99E7C2AA3A33300748AF4 /* ViewController.swift */; };
		C0E99E802AA3A33300748AF4 /* Main.storyboard in Resources */ = {isa = PBXBuildFile; fileRef = C0E99E7E2AA3A33300748AF4 /* Main.storyboard */; };
		C0E99E832AA3A33300748AF4 /* To_Do_App.xcdatamodeld in Sources */ = {isa = PBXBuildFile; fileRef = C0E99E812AA3A33300748AF4 /* To_Do_App.xcdatamodeld */; };
		C0E99E852AA3A33500748AF4 /* Assets.xcassets in Resources */ = {isa = PBXBuildFile; fileRef = C0E99E842AA3A33500748AF4 /* Assets.xcassets */; };
		C0E99E882AA3A33500748AF4 /* LaunchScreen.storyboard in Resources */ = {isa = PBXBuildFile; fileRef = C0E99E862AA3A33500748AF4 /* LaunchScreen.storyboard */; };
		C0E99E902AA3AA8900748AF4 /* TaskTableViewCell.swift in Sources */ = {isa = PBXBuildFile; fileRef = C0E99E8F2AA3AA8900748AF4 /* TaskTableViewCell.swift */; };
		C0E99E922AA3AF5100748AF4 /* AddTaskViewController.swift in Sources */ = {isa = PBXBuildFile; fileRef = C0E99E912AA3AF5100748AF4 /* AddTaskViewController.swift */; };
		C0E99E942AA3AF6E00748AF4 /* UpdateTaskViewController.swift in Sources */ = {isa = PBXBuildFile; fileRef = C0E99E932AA3AF6E00748AF4 /* UpdateTaskViewController.swift */; };
/* End PBXBuildFile section */

/* Begin PBXFileReference section */
		C0E99E752AA3A33300748AF4 /* To-Do App.app */ = {isa = PBXFileReference; explicitFileType = wrapper.application; includeInIndex = 0; path = "To-Do App.app"; sourceTree = BUILT_PRODUCTS_DIR; };
		C0E99E782AA3A33300748AF4 /* AppDelegate.swift */ = {isa = PBXFileReference; lastKnownFileType = sourcecode.swift; path = AppDelegate.swift; sourceTree = "<group>"; };
		C0E99E7A2AA3A33300748AF4 /* SceneDelegate.swift */ = {isa = PBXFileReference; lastKnownFileType = sourcecode.swift; path = SceneDelegate.swift; sourceTree = "<group>"; };
		C0E99E7C2AA3A33300748AF4 /* ViewController.swift */ = {isa = PBXFileReference; lastKnownFileType = sourcecode.swift; path = ViewController.swift; sourceTree = "<group>"; };
		C0E99E7F2AA3A33300748AF4 /* Base */ = {isa = PBXFileReference; lastKnownFileType = file.storyboard; name = Base; path = Base.lproj/Main.storyboard; sourceTree = "<group>"; };
		C0E99E822AA3A33300748AF4 /* To_Do_App.xcdatamodel */ = {isa = PBXFileReference; lastKnownFileType = wrapper.xcdatamodel; path = To_Do_App.xcdatamodel; sourceTree = "<group>"; };
		C0E99E842AA3A33500748AF4 /* Assets.xcassets */ = {isa = PBXFileReference; lastKnownFileType = folder.assetcatalog; path = Assets.xcassets; sourceTree = "<group>"; };
		C0E99E872AA3A33500748AF4 /* Base */ = {isa = PBXFileReference; lastKnownFileType = file.storyboard; name = Base; path = Base.lproj/LaunchScreen.storyboard; sourceTree = "<group>"; };
		C0E99E892AA3A33500748AF4 /* Info.plist */ = {isa = PBXFileReference; lastKnownFileType = text.plist.xml; path = Info.plist; sourceTree = "<group>"; };
		C0E99E8F2AA3AA8900748AF4 /* TaskTableViewCell.swift */ = {isa = PBXFileReference; lastKnownFileType = sourcecode.swift; path = TaskTableViewCell.swift; sourceTree = "<group>"; };
		C0E99E912AA3AF5100748AF4 /* AddTaskViewController.swift */ = {isa = PBXFileReference; lastKnownFileType = sourcecode.swift; path = AddTaskViewController.swift; sourceTree = "<group>"; };
		C0E99E932AA3AF6E00748AF4 /* UpdateTaskViewController.swift */ = {isa = PBXFileReference; lastKnownFileType = sourcecode.swift; path = UpdateTaskViewController.swift; sourceTree = "<group>"; };
/* End PBXFileReference section */

/* Begin PBXFrameworksBuildPhase section */
		C0E99E722AA3A33300748AF4 /* Frameworks */ = {
			isa = PBXFrameworksBuildPhase;
			buildActionMask = 2147483647;
			files = (
			);
			runOnlyForDeploymentPostprocessing = 0;
		};
/* End PBXFrameworksBuildPhase section */

/* Begin PBXGroup section */
		C029E1AC2AA3C9E20086C251 /* ViewControllers */ = {
			isa = PBXGroup;
			children = (
				C0E99E8F2AA3AA8900748AF4 /* TaskTableViewCell.swift */,
				C0E99E912AA3AF5100748AF4 /* AddTaskViewController.swift */,
				C0E99E932AA3AF6E00748AF4 /* UpdateTaskViewController.swift */,
				C0E99E7C2AA3A33300748AF4 /* ViewController.swift */,
			);
			path = ViewControllers;
			sourceTree = "<group>";
		};
		C0E99E6C2AA3A33300748AF4 = {
			isa = PBXGroup;
			children = (
				C029E1AC2AA3C9E20086C251 /* ViewControllers */,
				C0E99E772AA3A33300748AF4 /* To-Do App */,
				C0E99E762AA3A33300748AF4 /* Products */,
			);
			sourceTree = "<group>";
		};
		C0E99E762AA3A33300748AF4 /* Products */ = {
			isa = PBXGroup;
			children = (
				C0E99E752AA3A33300748AF4 /* To-Do App.app */,
			);
			name = Products;
			sourceTree = "<group>";
		};
		C0E99E772AA3A33300748AF4 /* To-Do App */ = {
			isa = PBXGroup;
			children = (
				C0E99E782AA3A33300748AF4 /* AppDelegate.swift */,
				C0E99E7A2AA3A33300748AF4 /* SceneDelegate.swift */,
				C0E99E7E2AA3A33300748AF4 /* Main.storyboard */,
				C0E99E842AA3A33500748AF4 /* Assets.xcassets */,
				C0E99E862AA3A33500748AF4 /* LaunchScreen.storyboard */,
				C0E99E892AA3A33500748AF4 /* Info.plist */,
				C0E99E812AA3A33300748AF4 /* To_Do_App.xcdatamodeld */,
			);
			path = "To-Do App";
			sourceTree = "<group>";
		};
/* End PBXGroup section */

/* Begin PBXNativeTarget section */
		C0E99E742AA3A33300748AF4 /* To-Do App */ = {
			isa = PBXNativeTarget;
			buildConfigurationList = C0E99E8C2AA3A33500748AF4 /* Build configuration list for PBXNativeTarget "To-Do App" */;
			buildPhases = (
				C0E99E712AA3A33300748AF4 /* Sources */,
				C0E99E722AA3A33300748AF4 /* Frameworks */,
				C0E99E732AA3A33300748AF4 /* Resources */,
			);
			buildRules = (
			);
			dependencies = (
			);
			name = "To-Do App";
			productName = "To-Do App";
			productReference = C0E99E752AA3A33300748AF4 /* To-Do App.app */;
			productType = "com.apple.product-type.application";
		};
/* End PBXNativeTarget section */

/* Begin PBXProject section */
		C0E99E6D2AA3A33300748AF4 /* Project object */ = {
			isa = PBXProject;
			attributes = {
				BuildIndependentTargetsInParallel = 1;
				LastSwiftUpdateCheck = 1430;
				LastUpgradeCheck = 1430;
				TargetAttributes = {
					C0E99E742AA3A33300748AF4 = {
						CreatedOnToolsVersion = 14.3.1;
					};
				};
			};
			buildConfigurationList = C0E99E702AA3A33300748AF4 /* Build configuration list for PBXProject "To-Do App" */;
			compatibilityVersion = "Xcode 14.0";
			developmentRegion = en;
			hasScannedForEncodings = 0;
			knownRegions = (
				en,
				Base,
			);
			mainGroup = C0E99E6C2AA3A33300748AF4;
			productRefGroup = C0E99E762AA3A33300748AF4 /* Products */;
			projectDirPath = "";
			projectRoot = "";
			targets = (
				C0E99E742AA3A33300748AF4 /* To-Do App */,
			);
		};
/* End PBXProject section */

/* Begin PBXResourcesBuildPhase section */
		C0E99E732AA3A33300748AF4 /* Resources */ = {
			isa = PBXResourcesBuildPhase;
			buildActionMask = 2147483647;
			files = (
				C0E99E882AA3A33500748AF4 /* LaunchScreen.storyboard in Resources */,
				C0E99E852AA3A33500748AF4 /* Assets.xcassets in Resources */,
				C0E99E802AA3A33300748AF4 /* Main.storyboard in Resources */,
			);
			runOnlyForDeploymentPostprocessing = 0;
		};
/* End PBXResourcesBuildPhase section */

/* Begin PBXSourcesBuildPhase section */
		C0E99E712AA3A33300748AF4 /* Sources */ = {
			isa = PBXSourcesBuildPhase;
			buildActionMask = 2147483647;
			files = (
				C0E99E7D2AA3A33300748AF4 /* ViewController.swift in Sources */,
				C0E99E922AA3AF5100748AF4 /* AddTaskViewController.swift in Sources */,
				C0E99E792AA3A33300748AF4 /* AppDelegate.swift in Sources */,
				C0E99E942AA3AF6E00748AF4 /* UpdateTaskViewController.swift in Sources */,
				C0E99E902AA3AA8900748AF4 /* TaskTableViewCell.swift in Sources */,
				C0E99E7B2AA3A33300748AF4 /* SceneDelegate.swift in Sources */,
				C0E99E832AA3A33300748AF4 /* To_Do_App.xcdatamodeld in Sources */,
			);
			runOnlyForDeploymentPostprocessing = 0;
		};
/* End PBXSourcesBuildPhase section */

/* Begin PBXVariantGroup section */
		C0E99E7E2AA3A33300748AF4 /* Main.storyboard */ = {
			isa = PBXVariantGroup;
			children = (
				C0E99E7F2AA3A33300748AF4 /* Base */,
			);
			name = Main.storyboard;
			sourceTree = "<group>";
		};
		C0E99E862AA3A33500748AF4 /* LaunchScreen.storyboard */ = {
			isa = PBXVariantGroup;
			children = (
				C0E99E872AA3A33500748AF4 /* Base */,
			);
			name = LaunchScreen.storyboard;
			sourceTree = "<group>";
		};
/* End PBXVariantGroup section */

/* Begin XCBuildConfiguration section */
		C0E99E8A2AA3A33500748AF4 /* Debug */ = {
			isa = XCBuildConfiguration;
			buildSettings = {
				ALWAYS_SEARCH_USER_PATHS = NO;
				CLANG_ANALYZER_NONNULL = YES;
				CLANG_ANALYZER_NUMBER_OBJECT_CONVERSION = YES_AGGRESSIVE;
				CLANG_CXX_LANGUAGE_STANDARD = "gnu++20";
				CLANG_ENABLE_MODULES = YES;
				CLANG_ENABLE_OBJC_ARC = YES;
				CLANG_ENABLE_OBJC_WEAK = YES;
				CLANG_WARN_BLOCK_CAPTURE_AUTORELEASING = YES;
				CLANG_WARN_BOOL_CONVERSION = YES;
				CLANG_WARN_COMMA = YES;
				CLANG_WARN_CONSTANT_CONVERSION = YES;
				CLANG_WARN_DEPRECATED_OBJC_IMPLEMENTATIONS = YES;
				CLANG_WARN_DIRECT_OBJC_ISA_USAGE = YES_ERROR;
				CLANG_WARN_DOCUMENTATION_COMMENTS = YES;
				CLANG_WARN_EMPTY_BODY = YES;
				CLANG_WARN_ENUM_CONVERSION = YES;
				CLANG_WARN_INFINITE_RECURSION = YES;
				CLANG_WARN_INT_CONVERSION = YES;
				CLANG_WARN_NON_LITERAL_NULL_CONVERSION = YES;
				CLANG_WARN_OBJC_IMPLICIT_RETAIN_SELF = YES;
				CLANG_WARN_OBJC_LITERAL_CONVERSION = YES;
				CLANG_WARN_OBJC_ROOT_CLASS = YES_ERROR;
				CLANG_WARN_QUOTED_INCLUDE_IN_FRAMEWORK_HEADER = YES;
				CLANG_WARN_RANGE_LOOP_ANALYSIS = YES;
				CLANG_WARN_STRICT_PROTOTYPES = YES;
				CLANG_WARN_SUSPICIOUS_MOVE = YES;
				CLANG_WARN_UNGUARDED_AVAILABILITY = YES_AGGRESSIVE;
				CLANG_WARN_UNREACHABLE_CODE = YES;
				CLANG_WARN__DUPLICATE_METHOD_MATCH = YES;
				COPY_PHASE_STRIP = NO;
				DEBUG_INFORMATION_FORMAT = dwarf;
				ENABLE_STRICT_OBJC_MSGSEND = YES;
				ENABLE_TESTABILITY = YES;
				GCC_C_LANGUAGE_STANDARD = gnu11;
				GCC_DYNAMIC_NO_PIC = NO;
				GCC_NO_COMMON_BLOCKS = YES;
				GCC_OPTIMIZATION_LEVEL = 0;
				GCC_PREPROCESSOR_DEFINITIONS = (
					"DEBUG=1",
					"$(inherited)",
				);
				GCC_WARN_64_TO_32_BIT_CONVERSION = YES;
				GCC_WARN_ABOUT_RETURN_TYPE = YES_ERROR;
				GCC_WARN_UNDECLARED_SELECTOR = YES;
				GCC_WARN_UNINITIALIZED_AUTOS = YES_AGGRESSIVE;
				GCC_WARN_UNUSED_FUNCTION = YES;
				GCC_WARN_UNUSED_VARIABLE = YES;
				IPHONEOS_DEPLOYMENT_TARGET = 16.4;
				MTL_ENABLE_DEBUG_INFO = INCLUDE_SOURCE;
				MTL_FAST_MATH = YES;
				ONLY_ACTIVE_ARCH = YES;
				SDKROOT = iphoneos;
				SWIFT_ACTIVE_COMPILATION_CONDITIONS = DEBUG;
				SWIFT_OPTIMIZATION_LEVEL = "-Onone";
			};
			name = Debug;
		};
		C0E99E8B2AA3A33500748AF4 /* Release */ = {
			isa = XCBuildConfiguration;
			buildSettings = {
				ALWAYS_SEARCH_USER_PATHS = NO;
				CLANG_ANALYZER_NONNULL = YES;
				CLANG_ANALYZER_NUMBER_OBJECT_CONVERSION = YES_AGGRESSIVE;
				CLANG_CXX_LANGUAGE_STANDARD = "gnu++20";
				CLANG_ENABLE_MODULES = YES;
				CLANG_ENABLE_OBJC_ARC = YES;
				CLANG_ENABLE_OBJC_WEAK = YES;
				CLANG_WARN_BLOCK_CAPTURE_AUTORELEASING = YES;
				CLANG_WARN_BOOL_CONVERSION = YES;
				CLANG_WARN_COMMA = YES;
				CLANG_WARN_CONSTANT_CONVERSION = YES;
				CLANG_WARN_DEPRECATED_OBJC_IMPLEMENTATIONS = YES;
				CLANG_WARN_DIRECT_OBJC_ISA_USAGE = YES_ERROR;
				CLANG_WARN_DOCUMENTATION_COMMENTS = YES;
				CLANG_WARN_EMPTY_BODY = YES;
				CLANG_WARN_ENUM_CONVERSION = YES;
				CLANG_WARN_INFINITE_RECURSION = YES;
				CLANG_WARN_INT_CONVERSION = YES;
				CLANG_WARN_NON_LITERAL_NULL_CONVERSION = YES;
				CLANG_WARN_OBJC_IMPLICIT_RETAIN_SELF = YES;
				CLANG_WARN_OBJC_LITERAL_CONVERSION = YES;
				CLANG_WARN_OBJC_ROOT_CLASS = YES_ERROR;
				CLANG_WARN_QUOTED_INCLUDE_IN_FRAMEWORK_HEADER = YES;
				CLANG_WARN_RANGE_LOOP_ANALYSIS = YES;
				CLANG_WARN_STRICT_PROTOTYPES = YES;
				CLANG_WARN_SUSPICIOUS_MOVE = YES;
				CLANG_WARN_UNGUARDED_AVAILABILITY = YES_AGGRESSIVE;
				CLANG_WARN_UNREACHABLE_CODE = YES;
				CLANG_WARN__DUPLICATE_METHOD_MATCH = YES;
				COPY_PHASE_STRIP = NO;
				DEBUG_INFORMATION_FORMAT = "dwarf-with-dsym";
				ENABLE_NS_ASSERTIONS = NO;
				ENABLE_STRICT_OBJC_MSGSEND = YES;
				GCC_C_LANGUAGE_STANDARD = gnu11;
				GCC_NO_COMMON_BLOCKS = YES;
				GCC_WARN_64_TO_32_BIT_CONVERSION = YES;
				GCC_WARN_ABOUT_RETURN_TYPE = YES_ERROR;
				GCC_WARN_UNDECLARED_SELECTOR = YES;
				GCC_WARN_UNINITIALIZED_AUTOS = YES_AGGRESSIVE;
				GCC_WARN_UNUSED_FUNCTION = YES;
				GCC_WARN_UNUSED_VARIABLE = YES;
				IPHONEOS_DEPLOYMENT_TARGET = 16.4;
				MTL_ENABLE_DEBUG_INFO = NO;
				MTL_FAST_MATH = YES;
				SDKROOT = iphoneos;
				SWIFT_COMPILATION_MODE = wholemodule;
				SWIFT_OPTIMIZATION_LEVEL = "-O";
				VALIDATE_PRODUCT = YES;
			};
			name = Release;
		};
		C0E99E8D2AA3A33500748AF4 /* Debug */ = {
			isa = XCBuildConfiguration;
			buildSettings = {
				ASSETCATALOG_COMPILER_APPICON_NAME = AppIcon;
				ASSETCATALOG_COMPILER_GLOBAL_ACCENT_COLOR_NAME = AccentColor;
				CODE_SIGN_STYLE = Automatic;
				CURRENT_PROJECT_VERSION = 1;
				DEVELOPMENT_TEAM = PQ82KF7KP4;
				GENERATE_INFOPLIST_FILE = YES;
				INFOPLIST_FILE = "To-Do App/Info.plist";
				INFOPLIST_KEY_UIApplicationSupportsIndirectInputEvents = YES;
				INFOPLIST_KEY_UILaunchStoryboardName = LaunchScreen;
				INFOPLIST_KEY_UIMainStoryboardFile = Main;
				INFOPLIST_KEY_UISupportedInterfaceOrientations_iPad = "UIInterfaceOrientationPortrait UIInterfaceOrientationPortraitUpsideDown UIInterfaceOrientationLandscapeLeft UIInterfaceOrientationLandscapeRight";
				INFOPLIST_KEY_UISupportedInterfaceOrientations_iPhone = "UIInterfaceOrientationPortrait UIInterfaceOrientationLandscapeLeft UIInterfaceOrientationLandscapeRight";
				LD_RUNPATH_SEARCH_PATHS = (
					"$(inherited)",
					"@executable_path/Frameworks",
				);
				MARKETING_VERSION = 1.0;
				PRODUCT_BUNDLE_IDENTIFIER = "com.batuhanertekin.To-Do-App";
				PRODUCT_NAME = "$(TARGET_NAME)";
				SWIFT_EMIT_LOC_STRINGS = YES;
				SWIFT_VERSION = 5.0;
				TARGETED_DEVICE_FAMILY = "1,2";
			};
			name = Debug;
		};
		C0E99E8E2AA3A33500748AF4 /* Release */ = {
			isa = XCBuildConfiguration;
			buildSettings = {
				ASSETCATALOG_COMPILER_APPICON_NAME = AppIcon;
				ASSETCATALOG_COMPILER_GLOBAL_ACCENT_COLOR_NAME = AccentColor;
				CODE_SIGN_STYLE = Automatic;
				CURRENT_PROJECT_VERSION = 1;
				DEVELOPMENT_TEAM = PQ82KF7KP4;
				GENERATE_INFOPLIST_FILE = YES;
				INFOPLIST_FILE = "To-Do App/Info.plist";
				INFOPLIST_KEY_UIApplicationSupportsIndirectInputEvents = YES;
				INFOPLIST_KEY_UILaunchStoryboardName = LaunchScreen;
				INFOPLIST_KEY_UIMainStoryboardFile = Main;
				INFOPLIST_KEY_UISupportedInterfaceOrientations_iPad = "UIInterfaceOrientationPortrait UIInterfaceOrientationPortraitUpsideDown UIInterfaceOrientationLandscapeLeft UIInterfaceOrientationLandscapeRight";
				INFOPLIST_KEY_UISupportedInterfaceOrientations_iPhone = "UIInterfaceOrientationPortrait UIInterfaceOrientationLandscapeLeft UIInterfaceOrientationLandscapeRight";
				LD_RUNPATH_SEARCH_PATHS = (
					"$(inherited)",
					"@executable_path/Frameworks",
				);
				MARKETING_VERSION = 1.0;
				PRODUCT_BUNDLE_IDENTIFIER = "com.batuhanertekin.To-Do-App";
				PRODUCT_NAME = "$(TARGET_NAME)";
				SWIFT_EMIT_LOC_STRINGS = YES;
				SWIFT_VERSION = 5.0;
				TARGETED_DEVICE_FAMILY = "1,2";
			};
			name = Release;
		};
/* End XCBuildConfiguration section */

/* Begin XCConfigurationList section */
		C0E99E702AA3A33300748AF4 /* Build configuration list for PBXProject "To-Do App" */ = {
			isa = XCConfigurationList;
			buildConfigurations = (
				C0E99E8A2AA3A33500748AF4 /* Debug */,
				C0E99E8B2AA3A33500748AF4 /* Release */,
			);
			defaultConfigurationIsVisible = 0;
			defaultConfigurationName = Release;
		};
		C0E99E8C2AA3A33500748AF4 /* Build configuration list for PBXNativeTarget "To-Do App" */ = {
			isa = XCConfigurationList;
			buildConfigurations = (
				C0E99E8D2AA3A33500748AF4 /* Debug */,
				C0E99E8E2AA3A33500748AF4 /* Release */,
			);
			defaultConfigurationIsVisible = 0;
			defaultConfigurationName = Release;
		};
/* End XCConfigurationList section */

/* Begin XCVersionGroup section */
		C0E99E812AA3A33300748AF4 /* To_Do_App.xcdatamodeld */ = {
			isa = XCVersionGroup;
			children = (
				C0E99E822AA3A33300748AF4 /* To_Do_App.xcdatamodel */,
			);
			currentVersion = C0E99E822AA3A33300748AF4 /* To_Do_App.xcdatamodel */;
			path = To_Do_App.xcdatamodeld;
			sourceTree = "<group>";
			versionGroupType = wrapper.xcdatamodel;
		};
/* End XCVersionGroup section */
	};
	rootObject = C0E99E6D2AA3A33300748AF4 /* Project object */;
}
